
Microsoft Visual Studio Solution File, Format Version 12.00
# Visual Studio Version 17
VisualStudioVersion = 17.5.002.0
MinimumVisualStudioVersion = 10.0.40219.1
Project("{9A19103F-16F7-4668-BE54-9A1E7A4F7556}") = "TestProject", "TestProject.csproj", "{950E12BC-38C0-4F5D-B474-67DA6816D2F8}"
EndProject
Global
	GlobalSection(SolutionConfigurationPlatforms) = preSolution
		Debug|Any CPU = Debug|Any CPU
		Release|Any CPU = Release|Any CPU
	EndGlobalSection
	GlobalSection(ProjectConfigurationPlatforms) = postSolution
		{950E12BC-38C0-4F5D-B474-67DA6816D2F8}.Debug|Any CPU.ActiveCfg = Debug|Any CPU
		{950E12BC-38C0-4F5D-B474-67DA6816D2F8}.Debug|Any CPU.Build.0 = Debug|Any CPU
		{950E12BC-38C0-4F5D-B474-67DA6816D2F8}.Release|Any CPU.ActiveCfg = Release|Any CPU
		{950E12BC-38C0-4F5D-B474-67DA6816D2F8}.Release|Any CPU.Build.0 = Release|Any CPU
	EndGlobalSection
	GlobalSection(SolutionProperties) = preSolution
		HideSolutionNode = FALSE
	EndGlobalSection
	GlobalSection(ExtensibilityGlobals) = postSolution
		SolutionGuid = {14AE48C0-DF00-4E8D-B760-43C0590C999B}
	EndGlobalSection
EndGlobal
